// !$*UTF8*$!
{
	archiveVersion = 1;
	classes = {
	};
	objectVersion = 77;
	objects = {

/* Begin PBXContainerItemProxy section */
		BDF68AD22DB80A8200E82005 /* PBXContainerItemProxy */ = {
			isa = PBXContainerItemProxy;
			containerPortal = BDF68AB92DB80A8000E82005 /* Project object */;
			proxyType = 1;
			remoteGlobalIDString = BDF68AC02DB80A8000E82005;
			remoteInfo = Cultiriba;
		};
		BDF68ADC2DB80A8200E82005 /* PBXContainerItemProxy */ = {
			isa = PBXContainerItemProxy;
			containerPortal = BDF68AB92DB80A8000E82005 /* Project object */;
			proxyType = 1;
			remoteGlobalIDString = BDF68AC02DB80A8000E82005;
			remoteInfo = Cultiriba;
		};
/* End PBXContainerItemProxy section */

/* Begin PBXFileReference section */
		BDF68AC12DB80A8000E82005 /* Cultiriba.app */ = {isa = PBXFileReference; explicitFileType = wrapper.application; includeInIndex = 0; path = Cultiriba.app; sourceTree = BUILT_PRODUCTS_DIR; };
		BDF68AD12DB80A8200E82005 /* CultiribaTests.xctest */ = {isa = PBXFileReference; explicitFileType = wrapper.cfbundle; includeInIndex = 0; path = CultiribaTests.xctest; sourceTree = BUILT_PRODUCTS_DIR; };
		BDF68ADB2DB80A8200E82005 /* CultiribaUITests.xctest */ = {isa = PBXFileReference; explicitFileType = wrapper.cfbundle; includeInIndex = 0; path = CultiribaUITests.xctest; sourceTree = BUILT_PRODUCTS_DIR; };
/* End PBXFileReference section */

/* Begin PBXFileSystemSynchronizedRootGroup section */
		BDF68AC32DB80A8000E82005 /* Cultiriba */ = {
			isa = PBXFileSystemSynchronizedRootGroup;
			path = Cultiriba;
			sourceTree = "<group>";
		};
		BDF68AD42DB80A8200E82005 /* CultiribaTests */ = {
			isa = PBXFileSystemSynchronizedRootGroup;
			path = CultiribaTests;
			sourceTree = "<group>";
		};
		BDF68ADE2DB80A8200E82005 /* CultiribaUITests */ = {
			isa = PBXFileSystemSynchronizedRootGroup;
			path = CultiribaUITests;
			sourceTree = "<group>";
		};
/* End PBXFileSystemSynchronizedRootGroup section */

/* Begin PBXFrameworksBuildPhase section */
		BDF68ABE2DB80A8000E82005 /* Frameworks */ = {
			isa = PBXFrameworksBuildPhase;
			buildActionMask = 2147483647;
			files = (
			);
			runOnlyForDeploymentPostprocessing = 0;
		};
		BDF68ACE2DB80A8200E82005 /* Frameworks */ = {
			isa = PBXFrameworksBuildPhase;
			buildActionMask = 2147483647;
			files = (
			);
			runOnlyForDeploymentPostprocessing = 0;
		};
		BDF68AD82DB80A8200E82005 /* Frameworks */ = {
			isa = PBXFrameworksBuildPhase;
			buildActionMask = 2147483647;
			files = (
			);
			runOnlyForDeploymentPostprocessing = 0;
		};
/* End PBXFrameworksBuildPhase section */

/* Begin PBXGroup section */
		BDF68AB82DB80A8000E82005 = {
			isa = PBXGroup;
			children = (
				BDF68AC32DB80A8000E82005 /* Cultiriba */,
				BDF68AD42DB80A8200E82005 /* CultiribaTests */,
				BDF68ADE2DB80A8200E82005 /* CultiribaUITests */,
				BDF68AC22DB80A8000E82005 /* Products */,
			);
			sourceTree = "<group>";
		};
		BDF68AC22DB80A8000E82005 /* Products */ = {
			isa = PBXGroup;
			children = (
				BDF68AC12DB80A8000E82005 /* Cultiriba.app */,
				BDF68AD12DB80A8200E82005 /* CultiribaTests.xctest */,
				BDF68ADB2DB80A8200E82005 /* CultiribaUITests.xctest */,
			);
			name = Products;
			sourceTree = "<group>";
		};
/* End PBXGroup section */

/* Begin PBXNativeTarget section */
		BDF68AC02DB80A8000E82005 /* Cultiriba */ = {
			isa = PBXNativeTarget;
			buildConfigurationList = BDF68AE52DB80A8200E82005 /* Build configuration list for PBXNativeTarget "Cultiriba" */;
			buildPhases = (
				BDF68ABD2DB80A8000E82005 /* Sources */,
				BDF68ABE2DB80A8000E82005 /* Frameworks */,
				BDF68ABF2DB80A8000E82005 /* Resources */,
			);
			buildRules = (
			);
			dependencies = (
			);
			fileSystemSynchronizedGroups = (
				BDF68AC32DB80A8000E82005 /* Cultiriba */,
			);
			name = Cultiriba;
			packageProductDependencies = (
			);
			productName = Cultiriba;
			productReference = BDF68AC12DB80A8000E82005 /* Cultiriba.app */;
			productType = "com.apple.product-type.application";
		};
		BDF68AD02DB80A8200E82005 /* CultiribaTests */ = {
			isa = PBXNativeTarget;
			buildConfigurationList = BDF68AE82DB80A8200E82005 /* Build configuration list for PBXNativeTarget "CultiribaTests" */;
			buildPhases = (
				BDF68ACD2DB80A8200E82005 /* Sources */,
				BDF68ACE2DB80A8200E82005 /* Frameworks */,
				BDF68ACF2DB80A8200E82005 /* Resources */,
			);
			buildRules = (
			);
			dependencies = (
				BDF68AD32DB80A8200E82005 /* PBXTargetDependency */,
			);
			fileSystemSynchronizedGroups = (
				BDF68AD42DB80A8200E82005 /* CultiribaTests */,
			);
			name = CultiribaTests;
			packageProductDependencies = (
			);
			productName = CultiribaTests;
			productReference = BDF68AD12DB80A8200E82005 /* CultiribaTests.xctest */;
			productType = "com.apple.product-type.bundle.unit-test";
		};
		BDF68ADA2DB80A8200E82005 /* CultiribaUITests */ = {
			isa = PBXNativeTarget;
			buildConfigurationList = BDF68AEB2DB80A8200E82005 /* Build configuration list for PBXNativeTarget "CultiribaUITests" */;
			buildPhases = (
				BDF68AD72DB80A8200E82005 /* Sources */,
				BDF68AD82DB80A8200E82005 /* Frameworks */,
				BDF68AD92DB80A8200E82005 /* Resources */,
			);
			buildRules = (
			);
			dependencies = (
				BDF68ADD2DB80A8200E82005 /* PBXTargetDependency */,
			);
			fileSystemSynchronizedGroups = (
				BDF68ADE2DB80A8200E82005 /* CultiribaUITests */,
			);
			name = CultiribaUITests;
			packageProductDependencies = (
			);
			productName = CultiribaUITests;
			productReference = BDF68ADB2DB80A8200E82005 /* CultiribaUITests.xctest */;
			productType = "com.apple.product-type.bundle.ui-testing";
		};
/* End PBXNativeTarget section */

/* Begin PBXProject section */
		BDF68AB92DB80A8000E82005 /* Project object */ = {
			isa = PBXProject;
			attributes = {
				BuildIndependentTargetsInParallel = 1;
				LastSwiftUpdateCheck = 1620;
				LastUpgradeCheck = 1620;
				TargetAttributes = {
					BDF68AC02DB80A8000E82005 = {
						CreatedOnToolsVersion = 16.2;
					};
					BDF68AD02DB80A8200E82005 = {
						CreatedOnToolsVersion = 16.2;
						TestTargetID = BDF68AC02DB80A8000E82005;
					};
					BDF68ADA2DB80A8200E82005 = {
						CreatedOnToolsVersion = 16.2;
						TestTargetID = BDF68AC02DB80A8000E82005;
					};
				};
			};
			buildConfigurationList = BDF68ABC2DB80A8000E82005 /* Build configuration list for PBXProject "Cultiriba" */;
			developmentRegion = en;
			hasScannedForEncodings = 0;
			knownRegions = (
				en,
				Base,
			);
			mainGroup = BDF68AB82DB80A8000E82005;
			minimizedProjectReferenceProxies = 1;
			preferredProjectObjectVersion = 77;
			productRefGroup = BDF68AC22DB80A8000E82005 /* Products */;
			projectDirPath = "";
			projectRoot = "";
			targets = (
				BDF68AC02DB80A8000E82005 /* Cultiriba */,
				BDF68AD02DB80A8200E82005 /* CultiribaTests */,
				BDF68ADA2DB80A8200E82005 /* CultiribaUITests */,
			);
		};
/* End PBXProject section */

/* Begin PBXResourcesBuildPhase section */
		BDF68ABF2DB80A8000E82005 /* Resources */ = {
			isa = PBXResourcesBuildPhase;
			buildActionMask = 2147483647;
			files = (
			);
			runOnlyForDeploymentPostprocessing = 0;
		};
		BDF68ACF2DB80A8200E82005 /* Resources */ = {
			isa = PBXResourcesBuildPhase;
			buildActionMask = 2147483647;
			files = (
			);
			runOnlyForDeploymentPostprocessing = 0;
		};
		BDF68AD92DB80A8200E82005 /* Resources */ = {
			isa = PBXResourcesBuildPhase;
			buildActionMask = 2147483647;
			files = (
			);
			runOnlyForDeploymentPostprocessing = 0;
		};
/* End PBXResourcesBuildPhase section */

/* Begin PBXSourcesBuildPhase section */
		BDF68ABD2DB80A8000E82005 /* Sources */ = {
			isa = PBXSourcesBuildPhase;
			buildActionMask = 2147483647;
			files = (
			);
			runOnlyForDeploymentPostprocessing = 0;
		};
		BDF68ACD2DB80A8200E82005 /* Sources */ = {
			isa = PBXSourcesBuildPhase;
			buildActionMask = 2147483647;
			files = (
			);
			runOnlyForDeploymentPostprocessing = 0;
		};
		BDF68AD72DB80A8200E82005 /* Sources */ = {
			isa = PBXSourcesBuildPhase;
			buildActionMask = 2147483647;
			files = (
			);
			runOnlyForDeploymentPostprocessing = 0;
		};
/* End PBXSourcesBuildPhase section */

/* Begin PBXTargetDependency section */
		BDF68AD32DB80A8200E82005 /* PBXTargetDependency */ = {
			isa = PBXTargetDependency;
			target = BDF68AC02DB80A8000E82005 /* Cultiriba */;
			targetProxy = BDF68AD22DB80A8200E82005 /* PBXContainerItemProxy */;
		};
		BDF68ADD2DB80A8200E82005 /* PBXTargetDependency */ = {
			isa = PBXTargetDependency;
			target = BDF68AC02DB80A8000E82005 /* Cultiriba */;
			targetProxy = BDF68ADC2DB80A8200E82005 /* PBXContainerItemProxy */;
		};
/* End PBXTargetDependency section */

/* Begin XCBuildConfiguration section */
		BDF68AE32DB80A8200E82005 /* Debug */ = {
			isa = XCBuildConfiguration;
			buildSettings = {
				ALWAYS_SEARCH_USER_PATHS = NO;
				ASSETCATALOG_COMPILER_GENERATE_SWIFT_ASSET_SYMBOL_EXTENSIONS = YES;
				CLANG_ANALYZER_NONNULL = YES;
				CLANG_ANALYZER_NUMBER_OBJECT_CONVERSION = YES_AGGRESSIVE;
				CLANG_CXX_LANGUAGE_STANDARD = "gnu++20";
				CLANG_ENABLE_MODULES = YES;
				CLANG_ENABLE_OBJC_ARC = YES;
				CLANG_ENABLE_OBJC_WEAK = YES;
				CLANG_WARN_BLOCK_CAPTURE_AUTORELEASING = YES;
				CLANG_WARN_BOOL_CONVERSION = YES;
				CLANG_WARN_COMMA = YES;
				CLANG_WARN_CONSTANT_CONVERSION = YES;
				CLANG_WARN_DEPRECATED_OBJC_IMPLEMENTATIONS = YES;
				CLANG_WARN_DIRECT_OBJC_ISA_USAGE = YES_ERROR;
				CLANG_WARN_DOCUMENTATION_COMMENTS = YES;
				CLANG_WARN_EMPTY_BODY = YES;
				CLANG_WARN_ENUM_CONVERSION = YES;
				CLANG_WARN_INFINITE_RECURSION = YES;
				CLANG_WARN_INT_CONVERSION = YES;
				CLANG_WARN_NON_LITERAL_NULL_CONVERSION = YES;
				CLANG_WARN_OBJC_IMPLICIT_RETAIN_SELF = YES;
				CLANG_WARN_OBJC_LITERAL_CONVERSION = YES;
				CLANG_WARN_OBJC_ROOT_CLASS = YES_ERROR;
				CLANG_WARN_QUOTED_INCLUDE_IN_FRAMEWORK_HEADER = YES;
				CLANG_WARN_RANGE_LOOP_ANALYSIS = YES;
				CLANG_WARN_STRICT_PROTOTYPES = YES;
				CLANG_WARN_SUSPICIOUS_MOVE = YES;
				CLANG_WARN_UNGUARDED_AVAILABILITY = YES_AGGRESSIVE;
				CLANG_WARN_UNREACHABLE_CODE = YES;
				CLANG_WARN__DUPLICATE_METHOD_MATCH = YES;
				COPY_PHASE_STRIP = NO;
				DEBUG_INFORMATION_FORMAT = dwarf;
				ENABLE_STRICT_OBJC_MSGSEND = YES;
				ENABLE_TESTABILITY = YES;
				ENABLE_USER_SCRIPT_SANDBOXING = YES;
				GCC_C_LANGUAGE_STANDARD = gnu17;
				GCC_DYNAMIC_NO_PIC = NO;
				GCC_NO_COMMON_BLOCKS = YES;
				GCC_OPTIMIZATION_LEVEL = 0;
				GCC_PREPROCESSOR_DEFINITIONS = (
					"DEBUG=1",
					"$(inherited)",
				);
				GCC_WARN_64_TO_32_BIT_CONVERSION = YES;
				GCC_WARN_ABOUT_RETURN_TYPE = YES_ERROR;
				GCC_WARN_UNDECLARED_SELECTOR = YES;
				GCC_WARN_UNINITIALIZED_AUTOS = YES_AGGRESSIVE;
				GCC_WARN_UNUSED_FUNCTION = YES;
				GCC_WARN_UNUSED_VARIABLE = YES;
				IPHONEOS_DEPLOYMENT_TARGET = 18.2;
				LOCALIZATION_PREFERS_STRING_CATALOGS = YES;
				MTL_ENABLE_DEBUG_INFO = INCLUDE_SOURCE;
				MTL_FAST_MATH = YES;
				ONLY_ACTIVE_ARCH = YES;
				SDKROOT = iphoneos;
				SWIFT_ACTIVE_COMPILATION_CONDITIONS = "DEBUG $(inherited)";
				SWIFT_OPTIMIZATION_LEVEL = "-Onone";
			};
			name = Debug;
		};
		BDF68AE42DB80A8200E82005 /* Release */ = {
			isa = XCBuildConfiguration;
			buildSettings = {
				ALWAYS_SEARCH_USER_PATHS = NO;
				ASSETCATALOG_COMPILER_GENERATE_SWIFT_ASSET_SYMBOL_EXTENSIONS = YES;
				CLANG_ANALYZER_NONNULL = YES;
				CLANG_ANALYZER_NUMBER_OBJECT_CONVERSION = YES_AGGRESSIVE;
				CLANG_CXX_LANGUAGE_STANDARD = "gnu++20";
				CLANG_ENABLE_MODULES = YES;
				CLANG_ENABLE_OBJC_ARC = YES;
				CLANG_ENABLE_OBJC_WEAK = YES;
				CLANG_WARN_BLOCK_CAPTURE_AUTORELEASING = YES;
				CLANG_WARN_BOOL_CONVERSION = YES;
				CLANG_WARN_COMMA = YES;
				CLANG_WARN_CONSTANT_CONVERSION = YES;
				CLANG_WARN_DEPRECATED_OBJC_IMPLEMENTATIONS = YES;
				CLANG_WARN_DIRECT_OBJC_ISA_USAGE = YES_ERROR;
				CLANG_WARN_DOCUMENTATION_COMMENTS = YES;
				CLANG_WARN_EMPTY_BODY = YES;
				CLANG_WARN_ENUM_CONVERSION = YES;
				CLANG_WARN_INFINITE_RECURSION = YES;
				CLANG_WARN_INT_CONVERSION = YES;
				CLANG_WARN_NON_LITERAL_NULL_CONVERSION = YES;
				CLANG_WARN_OBJC_IMPLICIT_RETAIN_SELF = YES;
				CLANG_WARN_OBJC_LITERAL_CONVERSION = YES;
				CLANG_WARN_OBJC_ROOT_CLASS = YES_ERROR;
				CLANG_WARN_QUOTED_INCLUDE_IN_FRAMEWORK_HEADER = YES;
				CLANG_WARN_RANGE_LOOP_ANALYSIS = YES;
				CLANG_WARN_STRICT_PROTOTYPES = YES;
				CLANG_WARN_SUSPICIOUS_MOVE = YES;
				CLANG_WARN_UNGUARDED_AVAILABILITY = YES_AGGRESSIVE;
				CLANG_WARN_UNREACHABLE_CODE = YES;
				CLANG_WARN__DUPLICATE_METHOD_MATCH = YES;
				COPY_PHASE_STRIP = NO;
				DEBUG_INFORMATION_FORMAT = "dwarf-with-dsym";
				ENABLE_NS_ASSERTIONS = NO;
				ENABLE_STRICT_OBJC_MSGSEND = YES;
				ENABLE_USER_SCRIPT_SANDBOXING = YES;
				GCC_C_LANGUAGE_STANDARD = gnu17;
				GCC_NO_COMMON_BLOCKS = YES;
				GCC_WARN_64_TO_32_BIT_CONVERSION = YES;
				GCC_WARN_ABOUT_RETURN_TYPE = YES_ERROR;
				GCC_WARN_UNDECLARED_SELECTOR = YES;
				GCC_WARN_UNINITIALIZED_AUTOS = YES_AGGRESSIVE;
				GCC_WARN_UNUSED_FUNCTION = YES;
				GCC_WARN_UNUSED_VARIABLE = YES;
				IPHONEOS_DEPLOYMENT_TARGET = 18.2;
				LOCALIZATION_PREFERS_STRING_CATALOGS = YES;
				MTL_ENABLE_DEBUG_INFO = NO;
				MTL_FAST_MATH = YES;
				SDKROOT = iphoneos;
				SWIFT_COMPILATION_MODE = wholemodule;
				VALIDATE_PRODUCT = YES;
			};
			name = Release;
		};
		BDF68AE62DB80A8200E82005 /* Debug */ = {
			isa = XCBuildConfiguration;
			buildSettings = {
				ASSETCATALOG_COMPILER_APPICON_NAME = AppIcon;
				ASSETCATALOG_COMPILER_GLOBAL_ACCENT_COLOR_NAME = AccentColor;
				CODE_SIGN_STYLE = Automatic;
				CURRENT_PROJECT_VERSION = 1;
				DEVELOPMENT_ASSET_PATHS = "\"Cultiriba/Preview Content\"";
				ENABLE_PREVIEWS = YES;
				GENERATE_INFOPLIST_FILE = YES;
				INFOPLIST_KEY_UIApplicationSceneManifest_Generation = YES;
				INFOPLIST_KEY_UIApplicationSupportsIndirectInputEvents = YES;
				INFOPLIST_KEY_UILaunchScreen_Generation = YES;
				INFOPLIST_KEY_UISupportedInterfaceOrientations_iPad = "UIInterfaceOrientationPortrait UIInterfaceOrientationPortraitUpsideDown UIInterfaceOrientationLandscapeLeft UIInterfaceOrientationLandscapeRight";
				INFOPLIST_KEY_UISupportedInterfaceOrientations_iPhone = "UIInterfaceOrientationPortrait UIInterfaceOrientationLandscapeLeft UIInterfaceOrientationLandscapeRight";
				LD_RUNPATH_SEARCH_PATHS = (
					"$(inherited)",
					"@executable_path/Frameworks",
				);
				MARKETING_VERSION = 1.0;
				PRODUCT_BUNDLE_IDENTIFIER = Cultiriba.Cultiriba;
				PRODUCT_NAME = "$(TARGET_NAME)";
				SWIFT_EMIT_LOC_STRINGS = YES;
				SWIFT_VERSION = 5.0;
				TARGETED_DEVICE_FAMILY = "1,2";
			};
			name = Debug;
		};
		BDF68AE72DB80A8200E82005 /* Release */ = {
			isa = XCBuildConfiguration;
			buildSettings = {
				ASSETCATALOG_COMPILER_APPICON_NAME = AppIcon;
				ASSETCATALOG_COMPILER_GLOBAL_ACCENT_COLOR_NAME = AccentColor;
				CODE_SIGN_STYLE = Automatic;
				CURRENT_PROJECT_VERSION = 1;
				DEVELOPMENT_ASSET_PATHS = "\"Cultiriba/Preview Content\"";
				ENABLE_PREVIEWS = YES;
				GENERATE_INFOPLIST_FILE = YES;
				INFOPLIST_KEY_UIApplicationSceneManifest_Generation = YES;
				INFOPLIST_KEY_UIApplicationSupportsIndirectInputEvents = YES;
				INFOPLIST_KEY_UILaunchScreen_Generation = YES;
				INFOPLIST_KEY_UISupportedInterfaceOrientations_iPad = "UIInterfaceOrientationPortrait UIInterfaceOrientationPortraitUpsideDown UIInterfaceOrientationLandscapeLeft UIInterfaceOrientationLandscapeRight";
				INFOPLIST_KEY_UISupportedInterfaceOrientations_iPhone = "UIInterfaceOrientationPortrait UIInterfaceOrientationLandscapeLeft UIInterfaceOrientationLandscapeRight";
				LD_RUNPATH_SEARCH_PATHS = (
					"$(inherited)",
					"@executable_path/Frameworks",
				);
				MARKETING_VERSION = 1.0;
				PRODUCT_BUNDLE_IDENTIFIER = Cultiriba.Cultiriba;
				PRODUCT_NAME = "$(TARGET_NAME)";
				SWIFT_EMIT_LOC_STRINGS = YES;
				SWIFT_VERSION = 5.0;
				TARGETED_DEVICE_FAMILY = "1,2";
			};
			name = Release;
		};
		BDF68AE92DB80A8200E82005 /* Debug */ = {
			isa = XCBuildConfiguration;
			buildSettings = {
				BUNDLE_LOADER = "$(TEST_HOST)";
				CODE_SIGN_STYLE = Automatic;
				CURRENT_PROJECT_VERSION = 1;
				GENERATE_INFOPLIST_FILE = YES;
				IPHONEOS_DEPLOYMENT_TARGET = 18.2;
				MARKETING_VERSION = 1.0;
				PRODUCT_BUNDLE_IDENTIFIER = Cultiriba.CultiribaTests;
				PRODUCT_NAME = "$(TARGET_NAME)";
				SWIFT_EMIT_LOC_STRINGS = NO;
				SWIFT_VERSION = 5.0;
				TARGETED_DEVICE_FAMILY = "1,2";
				TEST_HOST = "$(BUILT_PRODUCTS_DIR)/Cultiriba.app/$(BUNDLE_EXECUTABLE_FOLDER_PATH)/Cultiriba";
			};
			name = Debug;
		};
		BDF68AEA2DB80A8200E82005 /* Release */ = {
			isa = XCBuildConfiguration;
			buildSettings = {
				BUNDLE_LOADER = "$(TEST_HOST)";
				CODE_SIGN_STYLE = Automatic;
				CURRENT_PROJECT_VERSION = 1;
				GENERATE_INFOPLIST_FILE = YES;
				IPHONEOS_DEPLOYMENT_TARGET = 18.2;
				MARKETING_VERSION = 1.0;
				PRODUCT_BUNDLE_IDENTIFIER = Cultiriba.CultiribaTests;
				PRODUCT_NAME = "$(TARGET_NAME)";
				SWIFT_EMIT_LOC_STRINGS = NO;
				SWIFT_VERSION = 5.0;
				TARGETED_DEVICE_FAMILY = "1,2";
				TEST_HOST = "$(BUILT_PRODUCTS_DIR)/Cultiriba.app/$(BUNDLE_EXECUTABLE_FOLDER_PATH)/Cultiriba";
			};
			name = Release;
		};
		BDF68AEC2DB80A8200E82005 /* Debug */ = {
			isa = XCBuildConfiguration;
			buildSettings = {
				CODE_SIGN_STYLE = Automatic;
				CURRENT_PROJECT_VERSION = 1;
				GENERATE_INFOPLIST_FILE = YES;
				MARKETING_VERSION = 1.0;
				PRODUCT_BUNDLE_IDENTIFIER = Cultiriba.CultiribaUITests;
				PRODUCT_NAME = "$(TARGET_NAME)";
				SWIFT_EMIT_LOC_STRINGS = NO;
				SWIFT_VERSION = 5.0;
				TARGETED_DEVICE_FAMILY = "1,2";
				TEST_TARGET_NAME = Cultiriba;
			};
			name = Debug;
		};
		BDF68AED2DB80A8200E82005 /* Release */ = {
			isa = XCBuildConfiguration;
			buildSettings = {
				CODE_SIGN_STYLE = Automatic;
				CURRENT_PROJECT_VERSION = 1;
				GENERATE_INFOPLIST_FILE = YES;
				MARKETING_VERSION = 1.0;
				PRODUCT_BUNDLE_IDENTIFIER = Cultiriba.CultiribaUITests;
				PRODUCT_NAME = "$(TARGET_NAME)";
				SWIFT_EMIT_LOC_STRINGS = NO;
				SWIFT_VERSION = 5.0;
				TARGETED_DEVICE_FAMILY = "1,2";
				TEST_TARGET_NAME = Cultiriba;
			};
			name = Release;
		};
/* End XCBuildConfiguration section */

/* Begin XCConfigurationList section */
		BDF68ABC2DB80A8000E82005 /* Build configuration list for PBXProject "Cultiriba" */ = {
			isa = XCConfigurationList;
			buildConfigurations = (
				BDF68AE32DB80A8200E82005 /* Debug */,
				BDF68AE42DB80A8200E82005 /* Release */,
			);
			defaultConfigurationIsVisible = 0;
			defaultConfigurationName = Release;
		};
		BDF68AE52DB80A8200E82005 /* Build configuration list for PBXNativeTarget "Cultiriba" */ = {
			isa = XCConfigurationList;
			buildConfigurations = (
				BDF68AE62DB80A8200E82005 /* Debug */,
				BDF68AE72DB80A8200E82005 /* Release */,
			);
			defaultConfigurationIsVisible = 0;
			defaultConfigurationName = Release;
		};
		BDF68AE82DB80A8200E82005 /* Build configuration list for PBXNativeTarget "CultiribaTests" */ = {
			isa = XCConfigurationList;
			buildConfigurations = (
				BDF68AE92DB80A8200E82005 /* Debug */,
				BDF68AEA2DB80A8200E82005 /* Release */,
			);
			defaultConfigurationIsVisible = 0;
			defaultConfigurationName = Release;
		};
		BDF68AEB2DB80A8200E82005 /* Build configuration list for PBXNativeTarget "CultiribaUITests" */ = {
			isa = XCConfigurationList;
			buildConfigurations = (
				BDF68AEC2DB80A8200E82005 /* Debug */,
				BDF68AED2DB80A8200E82005 /* Release */,
			);
			defaultConfigurationIsVisible = 0;
			defaultConfigurationName = Release;
		};
/* End XCConfigurationList section */
	};
	rootObject = BDF68AB92DB80A8000E82005 /* Project object */;
}
